
Microsoft Visual Studio Solution File, Format Version 12.00
# Visual Studio 2012
Project("{FAE04EC0-301F-11D3-BF4B-00C04F79EFBC}") = "ExamensApp", "ExamensApp\ExamensApp.csproj", "{1BA9075C-5ACA-4667-83D2-E34C5B37B92E}"
EndProject
Global
	GlobalSection(SolutionConfigurationPlatforms) = preSolution
		Debug|Any CPU = Debug|Any CPU
		Release|Any CPU = Release|Any CPU
	EndGlobalSection
	GlobalSection(ProjectConfigurationPlatforms) = postSolution
		{1BA9075C-5ACA-4667-83D2-E34C5B37B92E}.Debug|Any CPU.ActiveCfg = Debug|Any CPU
		{1BA9075C-5ACA-4667-83D2-E34C5B37B92E}.Debug|Any CPU.Build.0 = Debug|Any CPU
		{1BA9075C-5ACA-4667-83D2-E34C5B37B92E}.Release|Any CPU.ActiveCfg = Release|Any CPU
		{1BA9075C-5ACA-4667-83D2-E34C5B37B92E}.Release|Any CPU.Build.0 = Release|Any CPU
	EndGlobalSection
EndGlobal
